
Microsoft Visual Studio Solution File, Format Version 12.00
# Visual Studio Version 16
VisualStudioVersion = 16.0.28407.52
MinimumVisualStudioVersion = 10.0.40219.1
Project("{9A19103F-16F7-4668-BE54-9A1E7A4F7556}") = "DogRestAPI", "RestClient\DogRestAPI.csproj", "{E59F0590-4B6B-4034-9265-902D9A0F3D57}"
EndProject
Project("{2150E333-8FDC-42A3-9474-1A3956D46DE8}") = "Solution Items", "Solution Items", "{B4F8AF97-5ED7-40E0-AEC3-309B4E9949FB}"
	ProjectSection(SolutionItems) = preProject
		.gitignore = .gitignore
		Dog API Test.postman_collection.json = Dog API Test.postman_collection.json
		RestClient\dogs.json = RestClient\dogs.json
		README.md = README.md
	EndProjectSection
EndProject
Global
	GlobalSection(SolutionConfigurationPlatforms) = preSolution
		Debug|Any CPU = Debug|Any CPU
		Release|Any CPU = Release|Any CPU
	EndGlobalSection
	GlobalSection(ProjectConfigurationPlatforms) = postSolution
		{E59F0590-4B6B-4034-9265-902D9A0F3D57}.Debug|Any CPU.ActiveCfg = Debug|Any CPU
		{E59F0590-4B6B-4034-9265-902D9A0F3D57}.Debug|Any CPU.Build.0 = Debug|Any CPU
		{E59F0590-4B6B-4034-9265-902D9A0F3D57}.Release|Any CPU.ActiveCfg = Release|Any CPU
		{E59F0590-4B6B-4034-9265-902D9A0F3D57}.Release|Any CPU.Build.0 = Release|Any CPU
	EndGlobalSection
	GlobalSection(SolutionProperties) = preSolution
		HideSolutionNode = FALSE
	EndGlobalSection
	GlobalSection(ExtensibilityGlobals) = postSolution
		SolutionGuid = {7900334D-A008-4000-956C-67F75987F984}
	EndGlobalSection
EndGlobal
